
Microsoft Visual Studio Solution File, Format Version 12.00
# Visual Studio Version 17
VisualStudioVersion = 17.1.32421.90
MinimumVisualStudioVersion = 10.0.40219.1
Project("{FAE04EC0-301F-11D3-BF4B-00C04F79EFBC}") = "teste-lista", "teste-lista\teste-lista.csproj", "{F8E430F5-CA80-4A47-9E7B-90A3238A31E4}"
EndProject
Global
	GlobalSection(SolutionConfigurationPlatforms) = preSolution
		Debug|Any CPU = Debug|Any CPU
		Release|Any CPU = Release|Any CPU
	EndGlobalSection
	GlobalSection(ProjectConfigurationPlatforms) = postSolution
		{F8E430F5-CA80-4A47-9E7B-90A3238A31E4}.Debug|Any CPU.ActiveCfg = Debug|Any CPU
		{F8E430F5-CA80-4A47-9E7B-90A3238A31E4}.Debug|Any CPU.Build.0 = Debug|Any CPU
		{F8E430F5-CA80-4A47-9E7B-90A3238A31E4}.Release|Any CPU.ActiveCfg = Release|Any CPU
		{F8E430F5-CA80-4A47-9E7B-90A3238A31E4}.Release|Any CPU.Build.0 = Release|Any CPU
	EndGlobalSection
	GlobalSection(SolutionProperties) = preSolution
		HideSolutionNode = FALSE
	EndGlobalSection
	GlobalSection(ExtensibilityGlobals) = postSolution
		SolutionGuid = {E4D43E59-07CA-4101-A059-C2811556BEC4}
	EndGlobalSection
EndGlobal
